
Microsoft Visual Studio Solution File, Format Version 12.00
# Visual Studio 15
VisualStudioVersion = 15.0.28307.1321
MinimumVisualStudioVersion = 10.0.40219.1
Project("{888888A0-9F3D-457C-B088-3A5042F75D52}") = "Twitter_bot", "Twitter_bot\Twitter_bot.pyproj", "{30A5C81B-02CA-4E37-A2F3-1C8DA42C098F}"
EndProject
Global
	GlobalSection(SolutionConfigurationPlatforms) = preSolution
		Debug|Any CPU = Debug|Any CPU
		Release|Any CPU = Release|Any CPU
	EndGlobalSection
	GlobalSection(ProjectConfigurationPlatforms) = postSolution
		{30A5C81B-02CA-4E37-A2F3-1C8DA42C098F}.Debug|Any CPU.ActiveCfg = Debug|Any CPU
		{30A5C81B-02CA-4E37-A2F3-1C8DA42C098F}.Release|Any CPU.ActiveCfg = Release|Any CPU
	EndGlobalSection
	GlobalSection(SolutionProperties) = preSolution
		HideSolutionNode = FALSE
	EndGlobalSection
	GlobalSection(ExtensibilityGlobals) = postSolution
		SolutionGuid = {D944C415-4CCA-40BD-9757-799496A99F94}
	EndGlobalSection
EndGlobal
